
Microsoft Visual Studio Solution File, Format Version 12.00
# Visual Studio Version 17
VisualStudioVersion = 17.3.32929.385
MinimumVisualStudioVersion = 10.0.40219.1
Project("{9A19103F-16F7-4668-BE54-9A1E7A4F7556}") = "computershopAPI", "Pc-shop-api\computershopAPI.csproj", "{9DBEA80C-84F7-4E49-ACE8-05B1C135ECB2}"
EndProject
Project("{FAE04EC0-301F-11D3-BF4B-00C04F79EFBC}") = "SeleniumTesting", "SeleniumTesting\SeleniumTesting.csproj", "{2895B8B9-FA60-4A9D-BECC-C05676120945}"
EndProject
Global
	GlobalSection(SolutionConfigurationPlatforms) = preSolution
		Debug|Any CPU = Debug|Any CPU
		Release|Any CPU = Release|Any CPU
	EndGlobalSection
	GlobalSection(ProjectConfigurationPlatforms) = postSolution
		{9DBEA80C-84F7-4E49-ACE8-05B1C135ECB2}.Debug|Any CPU.ActiveCfg = Debug|Any CPU
		{9DBEA80C-84F7-4E49-ACE8-05B1C135ECB2}.Debug|Any CPU.Build.0 = Debug|Any CPU
		{9DBEA80C-84F7-4E49-ACE8-05B1C135ECB2}.Release|Any CPU.ActiveCfg = Release|Any CPU
		{9DBEA80C-84F7-4E49-ACE8-05B1C135ECB2}.Release|Any CPU.Build.0 = Release|Any CPU
		{2895B8B9-FA60-4A9D-BECC-C05676120945}.Debug|Any CPU.ActiveCfg = Debug|Any CPU
		{2895B8B9-FA60-4A9D-BECC-C05676120945}.Debug|Any CPU.Build.0 = Debug|Any CPU
		{2895B8B9-FA60-4A9D-BECC-C05676120945}.Release|Any CPU.ActiveCfg = Release|Any CPU
		{2895B8B9-FA60-4A9D-BECC-C05676120945}.Release|Any CPU.Build.0 = Release|Any CPU
	EndGlobalSection
	GlobalSection(SolutionProperties) = preSolution
		HideSolutionNode = FALSE
	EndGlobalSection
	GlobalSection(ExtensibilityGlobals) = postSolution
		SolutionGuid = {8F8F6DC8-1841-429C-A651-F26CFB3EADB5}
	EndGlobalSection
EndGlobal
